Microsoft Visual Studio Solution File, Format Version 12.00
# Visual Studio Version 16
VisualStudioVersion = 16.0.31729.503
MinimumVisualStudioVersion = 10.0.40219.1
Project("{FAE04EC0-301F-11D3-BF4B-00C04F79EFBC}") = "Portfolio", "Portfolio.csproj", "{63E2EBC4-E9F5-4D8D-8329-DE7D541EA0C9}"
	ProjectSection(ProjectDependencies) = postProject
		{E1AF7D42-3D85-4174-A515-FED27DA161FF} = {E1AF7D42-3D85-4174-A515-FED27DA161FF}
		{0923E1A0-2032-4997-AB73-49E42C4034A9} = {0923E1A0-2032-4997-AB73-49E42C4034A9}
	EndProjectSection
EndProject
Project("{FAE04EC0-301F-11D3-BF4B-00C04F79EFBC}") = "JARE", "..\..\JARE\JARE.csproj", "{E1AF7D42-3D85-4174-A515-FED27DA161FF}"
	ProjectSection(ProjectDependencies) = postProject
		{0923E1A0-2032-4997-AB73-49E42C4034A9} = {0923E1A0-2032-4997-AB73-49E42C4034A9}
	EndProjectSection
EndProject
Project("{54435603-DBB4-11D2-8724-00A0C9A8B90C}") = "Setup", "..\Setup\Setup.vdproj", "{1DFDBBBA-9B80-4CAA-B4D4-E49B53035E92}"
EndProject
Project("{FAE04EC0-301F-11D3-BF4B-00C04F79EFBC}") = "R.NET", "..\R.NET\R.NET\R.NET.csproj", "{0923E1A0-2032-4997-AB73-49E42C4034A9}"
EndProject
Global
	GlobalSection(SolutionConfigurationPlatforms) = preSolution
		CD_ROM|Any CPU = CD_ROM|Any CPU
		CD_ROM|Mixed Platforms = CD_ROM|Mixed Platforms
		CD_ROM|x64 = CD_ROM|x64
		CD_ROM|x86 = CD_ROM|x86
		Debug|Any CPU = Debug|Any CPU
		Debug|Mixed Platforms = Debug|Mixed Platforms
		Debug|x64 = Debug|x64
		Debug|x86 = Debug|x86
		DVD-5|Any CPU = DVD-5|Any CPU
		DVD-5|Mixed Platforms = DVD-5|Mixed Platforms
		DVD-5|x64 = DVD-5|x64
		DVD-5|x86 = DVD-5|x86
		Release|Any CPU = Release|Any CPU
		Release|Mixed Platforms = Release|Mixed Platforms
		Release|x64 = Release|x64
		Release|x86 = Release|x86
		SingleImage|Any CPU = SingleImage|Any CPU
		SingleImage|Mixed Platforms = SingleImage|Mixed Platforms
		SingleImage|x64 = SingleImage|x64
		SingleImage|x86 = SingleImage|x86
	EndGlobalSection
	GlobalSection(ProjectConfigurationPlatforms) = postSolution
		{63E2EBC4-E9F5-4D8D-8329-DE7D541EA0C9}.CD_ROM|Any CPU.ActiveCfg = Release|Any CPU
		{63E2EBC4-E9F5-4D8D-8329-DE7D541EA0C9}.CD_ROM|Any CPU.Build.0 = Release|Any CPU
		{63E2EBC4-E9F5-4D8D-8329-DE7D541EA0C9}.CD_ROM|Mixed Platforms.ActiveCfg = Debug|Any CPU
		{63E2EBC4-E9F5-4D8D-8329-DE7D541EA0C9}.CD_ROM|Mixed Platforms.Build.0 = Debug|Any CPU
		{63E2EBC4-E9F5-4D8D-8329-DE7D541EA0C9}.CD_ROM|x64.ActiveCfg = Release|Any CPU
		{63E2EBC4-E9F5-4D8D-8329-DE7D541EA0C9}.CD_ROM|x86.ActiveCfg = Release|Any CPU
		{63E2EBC4-E9F5-4D8D-8329-DE7D541EA0C9}.Debug|Any CPU.ActiveCfg = Debug|Any CPU
		{63E2EBC4-E9F5-4D8D-8329-DE7D541EA0C9}.Debug|Any CPU.Build.0 = Debug|Any CPU
		{63E2EBC4-E9F5-4D8D-8329-DE7D541EA0C9}.Debug|Mixed Platforms.ActiveCfg = Debug|Any CPU
		{63E2EBC4-E9F5-4D8D-8329-DE7D541EA0C9}.Debug|Mixed Platforms.Build.0 = Debug|Any CPU
		{63E2EBC4-E9F5-4D8D-8329-DE7D541EA0C9}.Debug|x64.ActiveCfg = Debug|Any CPU
		{63E2EBC4-E9F5-4D8D-8329-DE7D541EA0C9}.Debug|x86.ActiveCfg = Debug|Any CPU
		{63E2EBC4-E9F5-4D8D-8329-DE7D541EA0C9}.DVD-5|Any CPU.ActiveCfg = Debug|Any CPU
		{63E2EBC4-E9F5-4D8D-8329-DE7D541EA0C9}.DVD-5|Any CPU.Build.0 = Debug|Any CPU
		{63E2EBC4-E9F5-4D8D-8329-DE7D541EA0C9}.DVD-5|Mixed Platforms.ActiveCfg = Debug|Any CPU
		{63E2EBC4-E9F5-4D8D-8329-DE7D541EA0C9}.DVD-5|Mixed Platforms.Build.0 = Debug|Any CPU
		{63E2EBC4-E9F5-4D8D-8329-DE7D541EA0C9}.DVD-5|x64.ActiveCfg = Debug|Any CPU
		{63E2EBC4-E9F5-4D8D-8329-DE7D541EA0C9}.DVD-5|x86.ActiveCfg = Debug|Any CPU
		{63E2EBC4-E9F5-4D8D-8329-DE7D541EA0C9}.Release|Any CPU.ActiveCfg = Release|Any CPU
		{63E2EBC4-E9F5-4D8D-8329-DE7D541EA0C9}.Release|Any CPU.Build.0 = Release|Any CPU
		{63E2EBC4-E9F5-4D8D-8329-DE7D541EA0C9}.Release|Mixed Platforms.ActiveCfg = Release|Any CPU
		{63E2EBC4-E9F5-4D8D-8329-DE7D541EA0C9}.Release|Mixed Platforms.Build.0 = Release|Any CPU
		{63E2EBC4-E9F5-4D8D-8329-DE7D541EA0C9}.Release|x64.ActiveCfg = Release|Any CPU
		{63E2EBC4-E9F5-4D8D-8329-DE7D541EA0C9}.Release|x86.ActiveCfg = Release|Any CPU
		{63E2EBC4-E9F5-4D8D-8329-DE7D541EA0C9}.SingleImage|Any CPU.ActiveCfg = Release|Any CPU
		{63E2EBC4-E9F5-4D8D-8329-DE7D541EA0C9}.SingleImage|Any CPU.Build.0 = Release|Any CPU
		{63E2EBC4-E9F5-4D8D-8329-DE7D541EA0C9}.SingleImage|Mixed Platforms.ActiveCfg = Debug|Any CPU
		{63E2EBC4-E9F5-4D8D-8329-DE7D541EA0C9}.SingleImage|Mixed Platforms.Build.0 = Debug|Any CPU
		{63E2EBC4-E9F5-4D8D-8329-DE7D541EA0C9}.SingleImage|x64.ActiveCfg = Release|Any CPU
		{63E2EBC4-E9F5-4D8D-8329-DE7D541EA0C9}.SingleImage|x86.ActiveCfg = Release|Any CPU
		{E1AF7D42-3D85-4174-A515-FED27DA161FF}.CD_ROM|Any CPU.ActiveCfg = Release|Any CPU
		{E1AF7D42-3D85-4174-A515-FED27DA161FF}.CD_ROM|Any CPU.Build.0 = Release|Any CPU
		{E1AF7D42-3D85-4174-A515-FED27DA161FF}.CD_ROM|Mixed Platforms.ActiveCfg = Debug|Any CPU
		{E1AF7D42-3D85-4174-A515-FED27DA161FF}.CD_ROM|Mixed Platforms.Build.0 = Debug|Any CPU
		{E1AF7D42-3D85-4174-A515-FED27DA161FF}.CD_ROM|x64.ActiveCfg = Release|Any CPU
		{E1AF7D42-3D85-4174-A515-FED27DA161FF}.CD_ROM|x86.ActiveCfg = Release|Any CPU
		{E1AF7D42-3D85-4174-A515-FED27DA161FF}.Debug|Any CPU.ActiveCfg = Debug|Any CPU
		{E1AF7D42-3D85-4174-A515-FED27DA161FF}.Debug|Any CPU.Build.0 = Debug|Any CPU
		{E1AF7D42-3D85-4174-A515-FED27DA161FF}.Debug|Mixed Platforms.ActiveCfg = Debug|Any CPU
		{E1AF7D42-3D85-4174-A515-FED27DA161FF}.Debug|Mixed Platforms.Build.0 = Debug|Any CPU
		{E1AF7D42-3D85-4174-A515-FED27DA161FF}.Debug|x64.ActiveCfg = Debug|Any CPU
		{E1AF7D42-3D85-4174-A515-FED27DA161FF}.Debug|x86.ActiveCfg = Debug|Any CPU
		{E1AF7D42-3D85-4174-A515-FED27DA161FF}.DVD-5|Any CPU.ActiveCfg = Debug|Any CPU
		{E1AF7D42-3D85-4174-A515-FED27DA161FF}.DVD-5|Any CPU.Build.0 = Debug|Any CPU
		{E1AF7D42-3D85-4174-A515-FED27DA161FF}.DVD-5|Mixed Platforms.ActiveCfg = Debug|Any CPU
		{E1AF7D42-3D85-4174-A515-FED27DA161FF}.DVD-5|Mixed Platforms.Build.0 = Debug|Any CPU
		{E1AF7D42-3D85-4174-A515-FED27DA161FF}.DVD-5|x64.ActiveCfg = Debug|Any CPU
		{E1AF7D42-3D85-4174-A515-FED27DA161FF}.DVD-5|x86.ActiveCfg = Debug|Any CPU
		{E1AF7D42-3D85-4174-A515-FED27DA161FF}.Release|Any CPU.ActiveCfg = Release|Any CPU
		{E1AF7D42-3D85-4174-A515-FED27DA161FF}.Release|Any CPU.Build.0 = Release|Any CPU
		{E1AF7D42-3D85-4174-A515-FED27DA161FF}.Release|Mixed Platforms.ActiveCfg = Release|Any CPU
		{E1AF7D42-3D85-4174-A515-FED27DA161FF}.Release|Mixed Platforms.Build.0 = Release|Any CPU
		{E1AF7D42-3D85-4174-A515-FED27DA161FF}.Release|x64.ActiveCfg = Release|Any CPU
		{E1AF7D42-3D85-4174-A515-FED27DA161FF}.Release|x86.ActiveCfg = Release|Any CPU
		{E1AF7D42-3D85-4174-A515-FED27DA161FF}.SingleImage|Any CPU.ActiveCfg = Release|Any CPU
		{E1AF7D42-3D85-4174-A515-FED27DA161FF}.SingleImage|Any CPU.Build.0 = Release|Any CPU
		{E1AF7D42-3D85-4174-A515-FED27DA161FF}.SingleImage|Mixed Platforms.ActiveCfg = Debug|Any CPU
		{E1AF7D42-3D85-4174-A515-FED27DA161FF}.SingleImage|Mixed Platforms.Build.0 = Debug|Any CPU
		{E1AF7D42-3D85-4174-A515-FED27DA161FF}.SingleImage|x64.ActiveCfg = Release|Any CPU
		{E1AF7D42-3D85-4174-A515-FED27DA161FF}.SingleImage|x86.ActiveCfg = Release|Any CPU
		{1DFDBBBA-9B80-4CAA-B4D4-E49B53035E92}.CD_ROM|Any CPU.ActiveCfg = Debug
		{1DFDBBBA-9B80-4CAA-B4D4-E49B53035E92}.CD_ROM|Mixed Platforms.ActiveCfg = Debug
		{1DFDBBBA-9B80-4CAA-B4D4-E49B53035E92}.CD_ROM|x64.ActiveCfg = Debug
		{1DFDBBBA-9B80-4CAA-B4D4-E49B53035E92}.CD_ROM|x86.ActiveCfg = Debug
		{1DFDBBBA-9B80-4CAA-B4D4-E49B53035E92}.Debug|Any CPU.ActiveCfg = Debug
		{1DFDBBBA-9B80-4CAA-B4D4-E49B53035E92}.Debug|Mixed Platforms.ActiveCfg = Debug
		{1DFDBBBA-9B80-4CAA-B4D4-E49B53035E92}.Debug|x64.ActiveCfg = Debug
		{1DFDBBBA-9B80-4CAA-B4D4-E49B53035E92}.Debug|x86.ActiveCfg = Debug
		{1DFDBBBA-9B80-4CAA-B4D4-E49B53035E92}.DVD-5|Any CPU.ActiveCfg = Debug
		{1DFDBBBA-9B80-4CAA-B4D4-E49B53035E92}.DVD-5|Mixed Platforms.ActiveCfg = Debug
		{1DFDBBBA-9B80-4CAA-B4D4-E49B53035E92}.DVD-5|x64.ActiveCfg = Debug
		{1DFDBBBA-9B80-4CAA-B4D4-E49B53035E92}.DVD-5|x86.ActiveCfg = Debug
		{1DFDBBBA-9B80-4CAA-B4D4-E49B53035E92}.Release|Any CPU.ActiveCfg = Release
		{1DFDBBBA-9B80-4CAA-B4D4-E49B53035E92}.Release|Mixed Platforms.ActiveCfg = Release
		{1DFDBBBA-9B80-4CAA-B4D4-E49B53035E92}.Release|x64.ActiveCfg = Release
		{1DFDBBBA-9B80-4CAA-B4D4-E49B53035E92}.Release|x86.ActiveCfg = Release
		{1DFDBBBA-9B80-4CAA-B4D4-E49B53035E92}.SingleImage|Any CPU.ActiveCfg = Debug
		{1DFDBBBA-9B80-4CAA-B4D4-E49B53035E92}.SingleImage|Mixed Platforms.ActiveCfg = Debug
		{1DFDBBBA-9B80-4CAA-B4D4-E49B53035E92}.SingleImage|x64.ActiveCfg = Debug
		{1DFDBBBA-9B80-4CAA-B4D4-E49B53035E92}.SingleImage|x86.ActiveCfg = Debug
		{0923E1A0-2032-4997-AB73-49E42C4034A9}.CD_ROM|Any CPU.ActiveCfg = Debug|Any CPU
		{0923E1A0-2032-4997-AB73-49E42C4034A9}.CD_ROM|Any CPU.Build.0 = Debug|Any CPU
		{0923E1A0-2032-4997-AB73-49E42C4034A9}.CD_ROM|Mixed Platforms.ActiveCfg = Debug|x86
		{0923E1A0-2032-4997-AB73-49E42C4034A9}.CD_ROM|Mixed Platforms.Build.0 = Debug|x86
		{0923E1A0-2032-4997-AB73-49E42C4034A9}.CD_ROM|x64.ActiveCfg = Debug|x64
		{0923E1A0-2032-4997-AB73-49E42C4034A9}.CD_ROM|x64.Build.0 = Debug|x64
		{0923E1A0-2032-4997-AB73-49E42C4034A9}.CD_ROM|x86.ActiveCfg = Debug|x86
		{0923E1A0-2032-4997-AB73-49E42C4034A9}.CD_ROM|x86.Build.0 = Debug|x86
		{0923E1A0-2032-4997-AB73-49E42C4034A9}.Debug|Any CPU.ActiveCfg = Debug|Any CPU
		{0923E1A0-2032-4997-AB73-49E42C4034A9}.Debug|Any CPU.Build.0 = Debug|Any CPU
		{0923E1A0-2032-4997-AB73-49E42C4034A9}.Debug|Mixed Platforms.ActiveCfg = Debug|x86
		{0923E1A0-2032-4997-AB73-49E42C4034A9}.Debug|Mixed Platforms.Build.0 = Debug|x86
		{0923E1A0-2032-4997-AB73-49E42C4034A9}.Debug|x64.ActiveCfg = Debug|x64
		{0923E1A0-2032-4997-AB73-49E42C4034A9}.Debug|x64.Build.0 = Debug|x64
		{0923E1A0-2032-4997-AB73-49E42C4034A9}.Debug|x86.ActiveCfg = Debug|x86
		{0923E1A0-2032-4997-AB73-49E42C4034A9}.Debug|x86.Build.0 = Debug|x86
		{0923E1A0-2032-4997-AB73-49E42C4034A9}.DVD-5|Any CPU.ActiveCfg = Debug|Any CPU
		{0923E1A0-2032-4997-AB73-49E42C4034A9}.DVD-5|Any CPU.Build.0 = Debug|Any CPU
		{0923E1A0-2032-4997-AB73-49E42C4034A9}.DVD-5|Mixed Platforms.ActiveCfg = Debug|x86
		{0923E1A0-2032-4997-AB73-49E42C4034A9}.DVD-5|Mixed Platforms.Build.0 = Debug|x86
		{0923E1A0-2032-4997-AB73-49E42C4034A9}.DVD-5|x64.ActiveCfg = Debug|x64
		{0923E1A0-2032-4997-AB73-49E42C4034A9}.DVD-5|x64.Build.0 = Debug|x64
		{0923E1A0-2032-4997-AB73-49E42C4034A9}.DVD-5|x86.ActiveCfg = Debug|x86
		{0923E1A0-2032-4997-AB73-49E42C4034A9}.DVD-5|x86.Build.0 = Debug|x86
		{0923E1A0-2032-4997-AB73-49E42C4034A9}.Release|Any CPU.ActiveCfg = Release|Any CPU
		{0923E1A0-2032-4997-AB73-49E42C4034A9}.Release|Any CPU.Build.0 = Release|Any CPU
		{0923E1A0-2032-4997-AB73-49E42C4034A9}.Release|Mixed Platforms.ActiveCfg = Release|x86
		{0923E1A0-2032-4997-AB73-49E42C4034A9}.Release|Mixed Platforms.Build.0 = Release|x86
		{0923E1A0-2032-4997-AB73-49E42C4034A9}.Release|x64.ActiveCfg = Release|x64
		{0923E1A0-2032-4997-AB73-49E42C4034A9}.Release|x64.Build.0 = Release|x64
		{0923E1A0-2032-4997-AB73-49E42C4034A9}.Release|x86.ActiveCfg = Release|x86
		{0923E1A0-2032-4997-AB73-49E42C4034A9}.Release|x86.Build.0 = Release|x86
		{0923E1A0-2032-4997-AB73-49E42C4034A9}.SingleImage|Any CPU.ActiveCfg = Debug|Any CPU
		{0923E1A0-2032-4997-AB73-49E42C4034A9}.SingleImage|Any CPU.Build.0 = Debug|Any CPU
		{0923E1A0-2032-4997-AB73-49E42C4034A9}.SingleImage|Mixed Platforms.ActiveCfg = Debug|x86
		{0923E1A0-2032-4997-AB73-49E42C4034A9}.SingleImage|Mixed Platforms.Build.0 = Debug|x86
		{0923E1A0-2032-4997-AB73-49E42C4034A9}.SingleImage|x64.ActiveCfg = Debug|x64
		{0923E1A0-2032-4997-AB73-49E42C4034A9}.SingleImage|x64.Build.0 = Debug|x64
		{0923E1A0-2032-4997-AB73-49E42C4034A9}.SingleImage|x86.ActiveCfg = Debug|x86
		{0923E1A0-2032-4997-AB73-49E42C4034A9}.SingleImage|x86.Build.0 = Debug|x86
	EndGlobalSection
	GlobalSection(SolutionProperties) = preSolution
		HideSolutionNode = FALSE
	EndGlobalSection
	GlobalSection(ExtensibilityGlobals) = postSolution
		SolutionGuid = {3F4F18C6-FC3D-4D65-8E8D-F3AEBF8F68B7}
	EndGlobalSection
EndGlobal
